
Microsoft Visual Studio Solution File, Format Version 12.00
# Visual Studio Version 16
VisualStudioVersion = 16.0.810.14
MinimumVisualStudioVersion = 10.0.40219.1
Project("{FAE04EC0-301F-11D3-BF4B-00C04F79EFBC}") = "MethodsWithLoopsAndConditionals", "MethodsWithLoopsAndConditionals\MethodsWithLoopsAndConditionals.csproj", "{DDBA02AC-6386-492C-8179-84B9DF269228}"
EndProject
Global
	GlobalSection(SolutionConfigurationPlatforms) = preSolution
		Debug|Any CPU = Debug|Any CPU
		Release|Any CPU = Release|Any CPU
	EndGlobalSection
	GlobalSection(ProjectConfigurationPlatforms) = postSolution
		{DDBA02AC-6386-492C-8179-84B9DF269228}.Debug|Any CPU.ActiveCfg = Debug|Any CPU
		{DDBA02AC-6386-492C-8179-84B9DF269228}.Debug|Any CPU.Build.0 = Debug|Any CPU
		{DDBA02AC-6386-492C-8179-84B9DF269228}.Release|Any CPU.ActiveCfg = Release|Any CPU
		{DDBA02AC-6386-492C-8179-84B9DF269228}.Release|Any CPU.Build.0 = Release|Any CPU
	EndGlobalSection
	GlobalSection(SolutionProperties) = preSolution
		HideSolutionNode = FALSE
	EndGlobalSection
	GlobalSection(ExtensibilityGlobals) = postSolution
		SolutionGuid = {7C158357-1BBF-40D3-8A50-FFF5C6AFB567}
	EndGlobalSection
EndGlobal
